
Microsoft Visual Studio Solution File, Format Version 12.00
# Visual Studio Version 16
VisualStudioVersion = 16.0.30611.23
MinimumVisualStudioVersion = 10.0.40219.1
Project("{FAE04EC0-301F-11D3-BF4B-00C04F79EFBC}") = "StrategyPattern", "StrategyPattern\StrategyPattern.csproj", "{A4638CDC-6F41-450B-BAA5-C61B781650DA}"
EndProject
Project("{FAE04EC0-301F-11D3-BF4B-00C04F79EFBC}") = "LooseCouplingPrinciple", "LooseCouplingPrinciple\LooseCouplingPrinciple.csproj", "{5FCAE8B2-9C49-4E0B-9122-49F592CCFE0A}"
EndProject
Project("{FAE04EC0-301F-11D3-BF4B-00C04F79EFBC}") = "OpenClosedPrinciple", "OpenClosedPrinciple\OpenClosedPrinciple.csproj", "{9C8E0E00-3115-4FEE-9E9D-237299409D68}"
EndProject
Project("{FAE04EC0-301F-11D3-BF4B-00C04F79EFBC}") = "Event101", "Event101\Event101.csproj", "{4D0BA18F-6172-4ACE-9F20-B038C5F96D67}"
EndProject
Project("{FAE04EC0-301F-11D3-BF4B-00C04F79EFBC}") = "EventsLibrary", "EventsLibrary\EventsLibrary.csproj", "{B1B1C3A7-30A2-4B84-BB5A-C14B53A4A520}"
EndProject
Project("{FAE04EC0-301F-11D3-BF4B-00C04F79EFBC}") = "EventsUI", "EventsUI\EventsUI.csproj", "{C70B65D6-5B57-4406-9807-3D194E54D361}"
EndProject
Project("{FAE04EC0-301F-11D3-BF4B-00C04F79EFBC}") = "DelegatesLibrary", "DelegatesLibrary\DelegatesLibrary.csproj", "{44F77F2F-EDA0-4D0B-A158-DD83EC04B284}"
EndProject
Project("{FAE04EC0-301F-11D3-BF4B-00C04F79EFBC}") = "DelegatesConsoleUI", "DelegatesConsoleUI\DelegatesConsoleUI.csproj", "{98EC1524-AF3C-4719-9BBD-69887BA14C1F}"
EndProject
Project("{FAE04EC0-301F-11D3-BF4B-00C04F79EFBC}") = "DelegatesWinformsUI", "DelegatesWinformsUI\DelegatesWinformsUI.csproj", "{E9299AFD-1F6B-4899-85E3-7ECE2171785B}"
EndProject
Project("{FAE04EC0-301F-11D3-BF4B-00C04F79EFBC}") = "DryUI", "DryUI\DryUI.csproj", "{B5B4C139-1433-4B57-A9C5-A01D803C4E40}"
EndProject
Project("{9A19103F-16F7-4668-BE54-9A1E7A4F7556}") = "DryLibrary", "DryLibrary\DryLibrary.csproj", "{04BA80F3-ECDA-4D43-8FF2-1DEDA70CA0F1}"
EndProject
Project("{FAE04EC0-301F-11D3-BF4B-00C04F79EFBC}") = "DryLibraryTest", "DryLibraryTest\DryLibraryTest.csproj", "{D5026055-5548-4C3E-835A-9FD840302455}"
EndProject
Project("{FAE04EC0-301F-11D3-BF4B-00C04F79EFBC}") = "SingleResponsibilityConsoleUI", "SingleResponsibilityConsoleUI\SingleResponsibilityConsoleUI.csproj", "{54E5C20F-81C7-47CD-B968-7B554E10D25C}"
EndProject
Global
	GlobalSection(SolutionConfigurationPlatforms) = preSolution
		Debug|Any CPU = Debug|Any CPU
		Release|Any CPU = Release|Any CPU
	EndGlobalSection
	GlobalSection(ProjectConfigurationPlatforms) = postSolution
		{A4638CDC-6F41-450B-BAA5-C61B781650DA}.Debug|Any CPU.ActiveCfg = Debug|Any CPU
		{A4638CDC-6F41-450B-BAA5-C61B781650DA}.Debug|Any CPU.Build.0 = Debug|Any CPU
		{A4638CDC-6F41-450B-BAA5-C61B781650DA}.Release|Any CPU.ActiveCfg = Release|Any CPU
		{A4638CDC-6F41-450B-BAA5-C61B781650DA}.Release|Any CPU.Build.0 = Release|Any CPU
		{5FCAE8B2-9C49-4E0B-9122-49F592CCFE0A}.Debug|Any CPU.ActiveCfg = Debug|Any CPU
		{5FCAE8B2-9C49-4E0B-9122-49F592CCFE0A}.Debug|Any CPU.Build.0 = Debug|Any CPU
		{5FCAE8B2-9C49-4E0B-9122-49F592CCFE0A}.Release|Any CPU.ActiveCfg = Release|Any CPU
		{5FCAE8B2-9C49-4E0B-9122-49F592CCFE0A}.Release|Any CPU.Build.0 = Release|Any CPU
		{9C8E0E00-3115-4FEE-9E9D-237299409D68}.Debug|Any CPU.ActiveCfg = Debug|Any CPU
		{9C8E0E00-3115-4FEE-9E9D-237299409D68}.Debug|Any CPU.Build.0 = Debug|Any CPU
		{9C8E0E00-3115-4FEE-9E9D-237299409D68}.Release|Any CPU.ActiveCfg = Release|Any CPU
		{9C8E0E00-3115-4FEE-9E9D-237299409D68}.Release|Any CPU.Build.0 = Release|Any CPU
		{4D0BA18F-6172-4ACE-9F20-B038C5F96D67}.Debug|Any CPU.ActiveCfg = Debug|Any CPU
		{4D0BA18F-6172-4ACE-9F20-B038C5F96D67}.Debug|Any CPU.Build.0 = Debug|Any CPU
		{4D0BA18F-6172-4ACE-9F20-B038C5F96D67}.Release|Any CPU.ActiveCfg = Release|Any CPU
		{4D0BA18F-6172-4ACE-9F20-B038C5F96D67}.Release|Any CPU.Build.0 = Release|Any CPU
		{B1B1C3A7-30A2-4B84-BB5A-C14B53A4A520}.Debug|Any CPU.ActiveCfg = Debug|Any CPU
		{B1B1C3A7-30A2-4B84-BB5A-C14B53A4A520}.Debug|Any CPU.Build.0 = Debug|Any CPU
		{B1B1C3A7-30A2-4B84-BB5A-C14B53A4A520}.Release|Any CPU.ActiveCfg = Release|Any CPU
		{B1B1C3A7-30A2-4B84-BB5A-C14B53A4A520}.Release|Any CPU.Build.0 = Release|Any CPU
		{C70B65D6-5B57-4406-9807-3D194E54D361}.Debug|Any CPU.ActiveCfg = Debug|Any CPU
		{C70B65D6-5B57-4406-9807-3D194E54D361}.Debug|Any CPU.Build.0 = Debug|Any CPU
		{C70B65D6-5B57-4406-9807-3D194E54D361}.Release|Any CPU.ActiveCfg = Release|Any CPU
		{C70B65D6-5B57-4406-9807-3D194E54D361}.Release|Any CPU.Build.0 = Release|Any CPU
		{44F77F2F-EDA0-4D0B-A158-DD83EC04B284}.Debug|Any CPU.ActiveCfg = Debug|Any CPU
		{44F77F2F-EDA0-4D0B-A158-DD83EC04B284}.Debug|Any CPU.Build.0 = Debug|Any CPU
		{44F77F2F-EDA0-4D0B-A158-DD83EC04B284}.Release|Any CPU.ActiveCfg = Release|Any CPU
		{44F77F2F-EDA0-4D0B-A158-DD83EC04B284}.Release|Any CPU.Build.0 = Release|Any CPU
		{98EC1524-AF3C-4719-9BBD-69887BA14C1F}.Debug|Any CPU.ActiveCfg = Debug|Any CPU
		{98EC1524-AF3C-4719-9BBD-69887BA14C1F}.Debug|Any CPU.Build.0 = Debug|Any CPU
		{98EC1524-AF3C-4719-9BBD-69887BA14C1F}.Release|Any CPU.ActiveCfg = Release|Any CPU
		{98EC1524-AF3C-4719-9BBD-69887BA14C1F}.Release|Any CPU.Build.0 = Release|Any CPU
		{E9299AFD-1F6B-4899-85E3-7ECE2171785B}.Debug|Any CPU.ActiveCfg = Debug|Any CPU
		{E9299AFD-1F6B-4899-85E3-7ECE2171785B}.Debug|Any CPU.Build.0 = Debug|Any CPU
		{E9299AFD-1F6B-4899-85E3-7ECE2171785B}.Release|Any CPU.ActiveCfg = Release|Any CPU
		{E9299AFD-1F6B-4899-85E3-7ECE2171785B}.Release|Any CPU.Build.0 = Release|Any CPU
		{B5B4C139-1433-4B57-A9C5-A01D803C4E40}.Debug|Any CPU.ActiveCfg = Debug|Any CPU
		{B5B4C139-1433-4B57-A9C5-A01D803C4E40}.Debug|Any CPU.Build.0 = Debug|Any CPU
		{B5B4C139-1433-4B57-A9C5-A01D803C4E40}.Release|Any CPU.ActiveCfg = Release|Any CPU
		{B5B4C139-1433-4B57-A9C5-A01D803C4E40}.Release|Any CPU.Build.0 = Release|Any CPU
		{04BA80F3-ECDA-4D43-8FF2-1DEDA70CA0F1}.Debug|Any CPU.ActiveCfg = Debug|Any CPU
		{04BA80F3-ECDA-4D43-8FF2-1DEDA70CA0F1}.Debug|Any CPU.Build.0 = Debug|Any CPU
		{04BA80F3-ECDA-4D43-8FF2-1DEDA70CA0F1}.Release|Any CPU.ActiveCfg = Release|Any CPU
		{04BA80F3-ECDA-4D43-8FF2-1DEDA70CA0F1}.Release|Any CPU.Build.0 = Release|Any CPU
		{D5026055-5548-4C3E-835A-9FD840302455}.Debug|Any CPU.ActiveCfg = Debug|Any CPU
		{D5026055-5548-4C3E-835A-9FD840302455}.Debug|Any CPU.Build.0 = Debug|Any CPU
		{D5026055-5548-4C3E-835A-9FD840302455}.Release|Any CPU.ActiveCfg = Release|Any CPU
		{D5026055-5548-4C3E-835A-9FD840302455}.Release|Any CPU.Build.0 = Release|Any CPU
		{54E5C20F-81C7-47CD-B968-7B554E10D25C}.Debug|Any CPU.ActiveCfg = Debug|Any CPU
		{54E5C20F-81C7-47CD-B968-7B554E10D25C}.Debug|Any CPU.Build.0 = Debug|Any CPU
		{54E5C20F-81C7-47CD-B968-7B554E10D25C}.Release|Any CPU.ActiveCfg = Release|Any CPU
		{54E5C20F-81C7-47CD-B968-7B554E10D25C}.Release|Any CPU.Build.0 = Release|Any CPU
	EndGlobalSection
	GlobalSection(SolutionProperties) = preSolution
		HideSolutionNode = FALSE
	EndGlobalSection
	GlobalSection(ExtensibilityGlobals) = postSolution
		SolutionGuid = {0CC922B6-CEA2-41BD-90E9-5BCF6D243AFE}
	EndGlobalSection
EndGlobal
